// !$*UTF8*$!
{
	archiveVersion = 1;
	classes = {
	};
	objectVersion = 46;
	objects = {

/* Begin PBXBuildFile section */
		B1E631FF1E73B1FE00C7E469 /* AppDelegate.swift in Sources */ = {isa = PBXBuildFile; fileRef = B1E631FE1E73B1FE00C7E469 /* AppDelegate.swift */; };
		B1E632011E73B1FE00C7E469 /* Assets.xcassets in Resources */ = {isa = PBXBuildFile; fileRef = B1E632001E73B1FE00C7E469 /* Assets.xcassets */; };
		B1E632041E73B1FE00C7E469 /* MainMenu.xib in Resources */ = {isa = PBXBuildFile; fileRef = B1E632021E73B1FE00C7E469 /* MainMenu.xib */; };
		B1E6320E1E73B77600C7E469 /* Keycode.swift in Sources */ = {isa = PBXBuildFile; fileRef = B1E6320D1E73B77600C7E469 /* Keycode.swift */; };
		B1E632101E73B7BA00C7E469 /* Keyboard.swift in Sources */ = {isa = PBXBuildFile; fileRef = B1E6320F1E73B7BA00C7E469 /* Keyboard.swift */; };
		B1E632121E73B7EB00C7E469 /* KeyEvent.swift in Sources */ = {isa = PBXBuildFile; fileRef = B1E632111E73B7EB00C7E469 /* KeyEvent.swift */; };
		B1E632141E73B81200C7E469 /* Modal.swift in Sources */ = {isa = PBXBuildFile; fileRef = B1E632131E73B81200C7E469 /* Modal.swift */; };
/* End PBXBuildFile section */

/* Begin PBXFileReference section */
		B1E631FB1E73B1FE00C7E469 /* Tentacle.app */ = {isa = PBXFileReference; explicitFileType = wrapper.application; includeInIndex = 0; path = Tentacle.app; sourceTree = BUILT_PRODUCTS_DIR; };
		B1E631FE1E73B1FE00C7E469 /* AppDelegate.swift */ = {isa = PBXFileReference; lastKnownFileType = sourcecode.swift; path = AppDelegate.swift; sourceTree = "<group>"; };
		B1E632001E73B1FE00C7E469 /* Assets.xcassets */ = {isa = PBXFileReference; lastKnownFileType = folder.assetcatalog; path = Assets.xcassets; sourceTree = "<group>"; };
		B1E632031E73B1FE00C7E469 /* Base */ = {isa = PBXFileReference; lastKnownFileType = file.xib; name = Base; path = Base.lproj/MainMenu.xib; sourceTree = "<group>"; };
		B1E632051E73B1FE00C7E469 /* Info.plist */ = {isa = PBXFileReference; lastKnownFileType = text.plist.xml; path = Info.plist; sourceTree = "<group>"; };
		B1E6320D1E73B77600C7E469 /* Keycode.swift */ = {isa = PBXFileReference; fileEncoding = 4; lastKnownFileType = sourcecode.swift; path = Keycode.swift; sourceTree = "<group>"; };
		B1E6320F1E73B7BA00C7E469 /* Keyboard.swift */ = {isa = PBXFileReference; fileEncoding = 4; lastKnownFileType = sourcecode.swift; path = Keyboard.swift; sourceTree = "<group>"; };
		B1E632111E73B7EB00C7E469 /* KeyEvent.swift */ = {isa = PBXFileReference; fileEncoding = 4; lastKnownFileType = sourcecode.swift; path = KeyEvent.swift; sourceTree = "<group>"; };
		B1E632131E73B81200C7E469 /* Modal.swift */ = {isa = PBXFileReference; fileEncoding = 4; lastKnownFileType = sourcecode.swift; path = Modal.swift; sourceTree = "<group>"; };
/* End PBXFileReference section */

/* Begin PBXFrameworksBuildPhase section */
		B1E631F81E73B1FE00C7E469 /* Frameworks */ = {
			isa = PBXFrameworksBuildPhase;
			buildActionMask = 2147483647;
			files = (
			);
			runOnlyForDeploymentPostprocessing = 0;
		};
/* End PBXFrameworksBuildPhase section */

/* Begin PBXGroup section */
		B1E631F21E73B1FD00C7E469 = {
			isa = PBXGroup;
			children = (
				B1E631FD1E73B1FE00C7E469 /* Tentacle */,
				B1E631FC1E73B1FE00C7E469 /* Products */,
			);
			sourceTree = "<group>";
		};
		B1E631FC1E73B1FE00C7E469 /* Products */ = {
			isa = PBXGroup;
			children = (
				B1E631FB1E73B1FE00C7E469 /* Tentacle.app */,
			);
			name = Products;
			sourceTree = "<group>";
		};
		B1E631FD1E73B1FE00C7E469 /* Tentacle */ = {
			isa = PBXGroup;
			children = (
				B1E6320D1E73B77600C7E469 /* Keycode.swift */,
				B1E6320F1E73B7BA00C7E469 /* Keyboard.swift */,
				B1E632111E73B7EB00C7E469 /* KeyEvent.swift */,
				B1E632131E73B81200C7E469 /* Modal.swift */,
				B1E631FE1E73B1FE00C7E469 /* AppDelegate.swift */,
				B1E632001E73B1FE00C7E469 /* Assets.xcassets */,
				B1E632021E73B1FE00C7E469 /* MainMenu.xib */,
				B1E632051E73B1FE00C7E469 /* Info.plist */,
			);
			path = Tentacle;
			sourceTree = "<group>";
		};
/* End PBXGroup section */

/* Begin PBXNativeTarget section */
		B1E631FA1E73B1FE00C7E469 /* Tentacle */ = {
			isa = PBXNativeTarget;
			buildConfigurationList = B1E632081E73B1FE00C7E469 /* Build configuration list for PBXNativeTarget "Tentacle" */;
			buildPhases = (
				B1E631F71E73B1FE00C7E469 /* Sources */,
				B1E631F81E73B1FE00C7E469 /* Frameworks */,
				B1E631F91E73B1FE00C7E469 /* Resources */,
			);
			buildRules = (
			);
			dependencies = (
			);
			name = Tentacle;
			productName = Tentacle;
			productReference = B1E631FB1E73B1FE00C7E469 /* Tentacle.app */;
			productType = "com.apple.product-type.application";
		};
/* End PBXNativeTarget section */

/* Begin PBXProject section */
		B1E631F31E73B1FD00C7E469 /* Project object */ = {
			isa = PBXProject;
			attributes = {
				LastSwiftUpdateCheck = 0820;
				LastUpgradeCheck = 0820;
				ORGANIZATIONNAME = "Pepe Becker";
				TargetAttributes = {
					B1E631FA1E73B1FE00C7E469 = {
						CreatedOnToolsVersion = 8.2.1;
						DevelopmentTeam = CV2G6G29G8;
						ProvisioningStyle = Automatic;
					};
				};
			};
			buildConfigurationList = B1E631F61E73B1FD00C7E469 /* Build configuration list for PBXProject "Tentacle" */;
			compatibilityVersion = "Xcode 3.2";
			developmentRegion = English;
			hasScannedForEncodings = 0;
			knownRegions = (
				en,
				Base,
			);
			mainGroup = B1E631F21E73B1FD00C7E469;
			productRefGroup = B1E631FC1E73B1FE00C7E469 /* Products */;
			projectDirPath = "";
			projectRoot = "";
			targets = (
				B1E631FA1E73B1FE00C7E469 /* Tentacle */,
			);
		};
/* End PBXProject section */

/* Begin PBXResourcesBuildPhase section */
		B1E631F91E73B1FE00C7E469 /* Resources */ = {
			isa = PBXResourcesBuildPhase;
			buildActionMask = 2147483647;
			files = (
				B1E632011E73B1FE00C7E469 /* Assets.xcassets in Resources */,
				B1E632041E73B1FE00C7E469 /* MainMenu.xib in Resources */,
			);
			runOnlyForDeploymentPostprocessing = 0;
		};
/* End PBXResourcesBuildPhase section */

/* Begin PBXSourcesBuildPhase section */
		B1E631F71E73B1FE00C7E469 /* Sources */ = {
			isa = PBXSourcesBuildPhase;
			buildActionMask = 2147483647;
			files = (
				B1E632121E73B7EB00C7E469 /* KeyEvent.swift in Sources */,
				B1E632141E73B81200C7E469 /* Modal.swift in Sources */,
				B1E6320E1E73B77600C7E469 /* Keycode.swift in Sources */,
				B1E632101E73B7BA00C7E469 /* Keyboard.swift in Sources */,
				B1E631FF1E73B1FE00C7E469 /* AppDelegate.swift in Sources */,
			);
			runOnlyForDeploymentPostprocessing = 0;
		};
/* End PBXSourcesBuildPhase section */

/* Begin PBXVariantGroup section */
		B1E632021E73B1FE00C7E469 /* MainMenu.xib */ = {
			isa = PBXVariantGroup;
			children = (
				B1E632031E73B1FE00C7E469 /* Base */,
			);
			name = MainMenu.xib;
			sourceTree = "<group>";
		};
/* End PBXVariantGroup section */

/* Begin XCBuildConfiguration section */
		B1E632061E73B1FE00C7E469 /* Debug */ = {
			isa = XCBuildConfiguration;
			buildSettings = {
				ALWAYS_SEARCH_USER_PATHS = NO;
				CLANG_ANALYZER_NONNULL = YES;
				CLANG_CXX_LANGUAGE_STANDARD = "gnu++0x";
				CLANG_CXX_LIBRARY = "libc++";
				CLANG_ENABLE_MODULES = YES;
				CLANG_ENABLE_OBJC_ARC = YES;
				CLANG_WARN_BOOL_CONVERSION = YES;
				CLANG_WARN_CONSTANT_CONVERSION = YES;
				CLANG_WARN_DIRECT_OBJC_ISA_USAGE = YES_ERROR;
				CLANG_WARN_DOCUMENTATION_COMMENTS = YES;
				CLANG_WARN_EMPTY_BODY = YES;
				CLANG_WARN_ENUM_CONVERSION = YES;
				CLANG_WARN_INFINITE_RECURSION = YES;
				CLANG_WARN_INT_CONVERSION = YES;
				CLANG_WARN_OBJC_ROOT_CLASS = YES_ERROR;
				CLANG_WARN_SUSPICIOUS_MOVE = YES;
				CLANG_WARN_UNREACHABLE_CODE = YES;
				CLANG_WARN__DUPLICATE_METHOD_MATCH = YES;
				CODE_SIGN_IDENTITY = "-";
				COPY_PHASE_STRIP = NO;
				DEBUG_INFORMATION_FORMAT = dwarf;
				ENABLE_STRICT_OBJC_MSGSEND = YES;
				ENABLE_TESTABILITY = YES;
				GCC_C_LANGUAGE_STANDARD = gnu99;
				GCC_DYNAMIC_NO_PIC = NO;
				GCC_NO_COMMON_BLOCKS = YES;
				GCC_OPTIMIZATION_LEVEL = 0;
				GCC_PREPROCESSOR_DEFINITIONS = (
					"DEBUG=1",
					"$(inherited)",
				);
				GCC_WARN_64_TO_32_BIT_CONVERSION = YES;
				GCC_WARN_ABOUT_RETURN_TYPE = YES_ERROR;
				GCC_WARN_UNDECLARED_SELECTOR = YES;
				GCC_WARN_UNINITIALIZED_AUTOS = YES_AGGRESSIVE;
				GCC_WARN_UNUSED_FUNCTION = YES;
				GCC_WARN_UNUSED_VARIABLE = YES;
				MACOSX_DEPLOYMENT_TARGET = 10.12;
				MTL_ENABLE_DEBUG_INFO = YES;
				ONLY_ACTIVE_ARCH = YES;
				SDKROOT = macosx;
				SWIFT_ACTIVE_COMPILATION_CONDITIONS = DEBUG;
				SWIFT_OPTIMIZATION_LEVEL = "-Onone";
			};
			name = Debug;
		};
		B1E632071E73B1FE00C7E469 /* Release */ = {
			isa = XCBuildConfiguration;
			buildSettings = {
				ALWAYS_SEARCH_USER_PATHS = NO;
				CLANG_ANALYZER_NONNULL = YES;
				CLANG_CXX_LANGUAGE_STANDARD = "gnu++0x";
				CLANG_CXX_LIBRARY = "libc++";
				CLANG_ENABLE_MODULES = YES;
				CLANG_ENABLE_OBJC_ARC = YES;
				CLANG_WARN_BOOL_CONVERSION = YES;
				CLANG_WARN_CONSTANT_CONVERSION = YES;
				CLANG_WARN_DIRECT_OBJC_ISA_USAGE = YES_ERROR;
				CLANG_WARN_DOCUMENTATION_COMMENTS = YES;
				CLANG_WARN_EMPTY_BODY = YES;
				CLANG_WARN_ENUM_CONVERSION = YES;
				CLANG_WARN_INFINITE_RECURSION = YES;
				CLANG_WARN_INT_CONVERSION = YES;
				CLANG_WARN_OBJC_ROOT_CLASS = YES_ERROR;
				CLANG_WARN_SUSPICIOUS_MOVE = YES;
				CLANG_WARN_UNREACHABLE_CODE = YES;
				CLANG_WARN__DUPLICATE_METHOD_MATCH = YES;
				CODE_SIGN_IDENTITY = "-";
				COPY_PHASE_STRIP = NO;
				DEBUG_INFORMATION_FORMAT = "dwarf-with-dsym";
				ENABLE_NS_ASSERTIONS = NO;
				ENABLE_STRICT_OBJC_MSGSEND = YES;
				GCC_C_LANGUAGE_STANDARD = gnu99;
				GCC_NO_COMMON_BLOCKS = YES;
				GCC_WARN_64_TO_32_BIT_CONVERSION = YES;
				GCC_WARN_ABOUT_RETURN_TYPE = YES_ERROR;
				GCC_WARN_UNDECLARED_SELECTOR = YES;
				GCC_WARN_UNINITIALIZED_AUTOS = YES_AGGRESSIVE;
				GCC_WARN_UNUSED_FUNCTION = YES;
				GCC_WARN_UNUSED_VARIABLE = YES;
				MACOSX_DEPLOYMENT_TARGET = 10.12;
				MTL_ENABLE_DEBUG_INFO = NO;
				SDKROOT = macosx;
				SWIFT_OPTIMIZATION_LEVEL = "-Owholemodule";
			};
			name = Release;
		};
		B1E632091E73B1FE00C7E469 /* Debug */ = {
			isa = XCBuildConfiguration;
			buildSettings = {
				ASSETCATALOG_COMPILER_APPICON_NAME = AppIcon;
				COMBINE_HIDPI_IMAGES = YES;
				DEVELOPMENT_TEAM = CV2G6G29G8;
				INFOPLIST_FILE = Tentacle/Info.plist;
				LD_RUNPATH_SEARCH_PATHS = "$(inherited) @executable_path/../Frameworks";
				PRODUCT_BUNDLE_IDENTIFIER = com.pepebecker.Tentacle;
				PRODUCT_NAME = "$(TARGET_NAME)";
				SWIFT_VERSION = 3.0;
			};
			name = Debug;
		};
		B1E6320A1E73B1FE00C7E469 /* Release */ = {
			isa = XCBuildConfiguration;
			buildSettings = {
				ASSETCATALOG_COMPILER_APPICON_NAME = AppIcon;
				COMBINE_HIDPI_IMAGES = YES;
				DEVELOPMENT_TEAM = CV2G6G29G8;
				INFOPLIST_FILE = Tentacle/Info.plist;
				LD_RUNPATH_SEARCH_PATHS = "$(inherited) @executable_path/../Frameworks";
				PRODUCT_BUNDLE_IDENTIFIER = com.pepebecker.Tentacle;
				PRODUCT_NAME = "$(TARGET_NAME)";
				SWIFT_VERSION = 3.0;
			};
			name = Release;
		};
/* End XCBuildConfiguration section */

/* Begin XCConfigurationList section */
		B1E631F61E73B1FD00C7E469 /* Build configuration list for PBXProject "Tentacle" */ = {
			isa = XCConfigurationList;
			buildConfigurations = (
				B1E632061E73B1FE00C7E469 /* Debug */,
				B1E632071E73B1FE00C7E469 /* Release */,
			);
			defaultConfigurationIsVisible = 0;
			defaultConfigurationName = Release;
		};
		B1E632081E73B1FE00C7E469 /* Build configuration list for PBXNativeTarget "Tentacle" */ = {
			isa = XCConfigurationList;
			buildConfigurations = (
				B1E632091E73B1FE00C7E469 /* Debug */,
				B1E6320A1E73B1FE00C7E469 /* Release */,
			);
			defaultConfigurationIsVisible = 0;
		};
/* End XCConfigurationList section */
	};
	rootObject = B1E631F31E73B1FD00C7E469 /* Project object */;
}
