// !$*UTF8*$!
{
	archiveVersion = 1;
	classes = {
	};
	objectVersion = 46;
	objects = {

/* Begin PBXBuildFile section */
		CE6CFE921E771C0D0024C8EE /* Modal.swift in Sources */ = {isa = PBXBuildFile; fileRef = CE6CFE911E771C0D0024C8EE /* Modal.swift */; };
		CE6CFE941E771C5C0024C8EE /* KeyEvent.swift in Sources */ = {isa = PBXBuildFile; fileRef = CE6CFE931E771C5C0024C8EE /* KeyEvent.swift */; };
		CE6CFE961E771C840024C8EE /* KeyOverlaidModifier.swift in Sources */ = {isa = PBXBuildFile; fileRef = CE6CFE951E771C840024C8EE /* KeyOverlaidModifier.swift */; };
		CE6CFE981E771C9B0024C8EE /* KeyToKey.swift in Sources */ = {isa = PBXBuildFile; fileRef = CE6CFE971E771C9B0024C8EE /* KeyToKey.swift */; };
		CE6CFE9A1E7721440024C8EE /* CaplockMonitor.swift in Sources */ = {isa = PBXBuildFile; fileRef = CE6CFE991E7721440024C8EE /* CaplockMonitor.swift */; };
		CE6CFE9C1E7721750024C8EE /* Keyboard.swift in Sources */ = {isa = PBXBuildFile; fileRef = CE6CFE9B1E7721750024C8EE /* Keyboard.swift */; };
		CE8CEAF91E646B2C00E3B034 /* AppDelegate.swift in Sources */ = {isa = PBXBuildFile; fileRef = CE8CEAF81E646B2C00E3B034 /* AppDelegate.swift */; };
		CE8CEAFB1E646B2C00E3B034 /* Assets.xcassets in Resources */ = {isa = PBXBuildFile; fileRef = CE8CEAFA1E646B2C00E3B034 /* Assets.xcassets */; };
		CE8CEAFE1E646B2D00E3B034 /* MainMenu.xib in Resources */ = {isa = PBXBuildFile; fileRef = CE8CEAFC1E646B2D00E3B034 /* MainMenu.xib */; };
		CEA25A931E68A227008FB6A6 /* KeyCode.swift in Sources */ = {isa = PBXBuildFile; fileRef = CEA25A921E68A227008FB6A6 /* KeyCode.swift */; };
/* End PBXBuildFile section */

/* Begin PBXFileReference section */
		CE6CFE911E771C0D0024C8EE /* Modal.swift */ = {isa = PBXFileReference; fileEncoding = 4; lastKnownFileType = sourcecode.swift; path = Modal.swift; sourceTree = "<group>"; };
		CE6CFE931E771C5C0024C8EE /* KeyEvent.swift */ = {isa = PBXFileReference; fileEncoding = 4; lastKnownFileType = sourcecode.swift; path = KeyEvent.swift; sourceTree = "<group>"; };
		CE6CFE951E771C840024C8EE /* KeyOverlaidModifier.swift */ = {isa = PBXFileReference; fileEncoding = 4; lastKnownFileType = sourcecode.swift; path = KeyOverlaidModifier.swift; sourceTree = "<group>"; };
		CE6CFE971E771C9B0024C8EE /* KeyToKey.swift */ = {isa = PBXFileReference; fileEncoding = 4; lastKnownFileType = sourcecode.swift; path = KeyToKey.swift; sourceTree = "<group>"; };
		CE6CFE991E7721440024C8EE /* CaplockMonitor.swift */ = {isa = PBXFileReference; fileEncoding = 4; lastKnownFileType = sourcecode.swift; path = CaplockMonitor.swift; sourceTree = "<group>"; };
		CE6CFE9B1E7721750024C8EE /* Keyboard.swift */ = {isa = PBXFileReference; fileEncoding = 4; lastKnownFileType = sourcecode.swift; path = Keyboard.swift; sourceTree = "<group>"; };
		CE8CEAF51E646B2C00E3B034 /* octopus.app */ = {isa = PBXFileReference; explicitFileType = wrapper.application; includeInIndex = 0; path = octopus.app; sourceTree = BUILT_PRODUCTS_DIR; };
		CE8CEAF81E646B2C00E3B034 /* AppDelegate.swift */ = {isa = PBXFileReference; lastKnownFileType = sourcecode.swift; path = AppDelegate.swift; sourceTree = "<group>"; };
		CE8CEAFA1E646B2C00E3B034 /* Assets.xcassets */ = {isa = PBXFileReference; lastKnownFileType = folder.assetcatalog; path = Assets.xcassets; sourceTree = "<group>"; };
		CE8CEAFD1E646B2D00E3B034 /* Base */ = {isa = PBXFileReference; lastKnownFileType = file.xib; name = Base; path = Base.lproj/MainMenu.xib; sourceTree = "<group>"; };
		CE8CEAFF1E646B2D00E3B034 /* Info.plist */ = {isa = PBXFileReference; lastKnownFileType = text.plist.xml; path = Info.plist; sourceTree = "<group>"; };
		CEA25A921E68A227008FB6A6 /* KeyCode.swift */ = {isa = PBXFileReference; fileEncoding = 4; lastKnownFileType = sourcecode.swift; path = KeyCode.swift; sourceTree = "<group>"; };
/* End PBXFileReference section */

/* Begin PBXFrameworksBuildPhase section */
		CE8CEAF21E646B2C00E3B034 /* Frameworks */ = {
			isa = PBXFrameworksBuildPhase;
			buildActionMask = 2147483647;
			files = (
			);
			runOnlyForDeploymentPostprocessing = 0;
		};
/* End PBXFrameworksBuildPhase section */

/* Begin PBXGroup section */
		CE8CEAEC1E646B2C00E3B034 = {
			isa = PBXGroup;
			children = (
				CE8CEAF71E646B2C00E3B034 /* octopus */,
				CE8CEAF61E646B2C00E3B034 /* Products */,
			);
			sourceTree = "<group>";
		};
		CE8CEAF61E646B2C00E3B034 /* Products */ = {
			isa = PBXGroup;
			children = (
				CE8CEAF51E646B2C00E3B034 /* octopus.app */,
			);
			name = Products;
			sourceTree = "<group>";
		};
		CE8CEAF71E646B2C00E3B034 /* octopus */ = {
			isa = PBXGroup;
			children = (
				CEA25A921E68A227008FB6A6 /* KeyCode.swift */,
				CE6CFE9B1E7721750024C8EE /* Keyboard.swift */,
				CE8CEAF81E646B2C00E3B034 /* AppDelegate.swift */,
				CE6CFE971E771C9B0024C8EE /* KeyToKey.swift */,
				CE6CFE951E771C840024C8EE /* KeyOverlaidModifier.swift */,
				CE6CFE911E771C0D0024C8EE /* Modal.swift */,
				CE6CFE931E771C5C0024C8EE /* KeyEvent.swift */,
				CE6CFE991E7721440024C8EE /* CaplockMonitor.swift */,
				CE8CEAFA1E646B2C00E3B034 /* Assets.xcassets */,
				CE8CEAFC1E646B2D00E3B034 /* MainMenu.xib */,
				CE8CEAFF1E646B2D00E3B034 /* Info.plist */,
			);
			path = octopus;
			sourceTree = "<group>";
		};
/* End PBXGroup section */

/* Begin PBXNativeTarget section */
		CE8CEAF41E646B2C00E3B034 /* octopus */ = {
			isa = PBXNativeTarget;
			buildConfigurationList = CE8CEB021E646B2D00E3B034 /* Build configuration list for PBXNativeTarget "octopus" */;
			buildPhases = (
				CE8CEAF11E646B2C00E3B034 /* Sources */,
				CE8CEAF21E646B2C00E3B034 /* Frameworks */,
				CE8CEAF31E646B2C00E3B034 /* Resources */,
			);
			buildRules = (
			);
			dependencies = (
			);
			name = octopus;
			productName = octopus;
			productReference = CE8CEAF51E646B2C00E3B034 /* octopus.app */;
			productType = "com.apple.product-type.application";
		};
/* End PBXNativeTarget section */

/* Begin PBXProject section */
		CE8CEAED1E646B2C00E3B034 /* Project object */ = {
			isa = PBXProject;
			attributes = {
				LastSwiftUpdateCheck = 0810;
				LastUpgradeCheck = 0810;
				ORGANIZATIONNAME = Betafabric;
				TargetAttributes = {
					CE8CEAF41E646B2C00E3B034 = {
						CreatedOnToolsVersion = 8.1;
						ProvisioningStyle = Automatic;
					};
				};
			};
			buildConfigurationList = CE8CEAF01E646B2C00E3B034 /* Build configuration list for PBXProject "octopus" */;
			compatibilityVersion = "Xcode 3.2";
			developmentRegion = English;
			hasScannedForEncodings = 0;
			knownRegions = (
				en,
				Base,
			);
			mainGroup = CE8CEAEC1E646B2C00E3B034;
			productRefGroup = CE8CEAF61E646B2C00E3B034 /* Products */;
			projectDirPath = "";
			projectRoot = "";
			targets = (
				CE8CEAF41E646B2C00E3B034 /* octopus */,
			);
		};
/* End PBXProject section */

/* Begin PBXResourcesBuildPhase section */
		CE8CEAF31E646B2C00E3B034 /* Resources */ = {
			isa = PBXResourcesBuildPhase;
			buildActionMask = 2147483647;
			files = (
				CE8CEAFB1E646B2C00E3B034 /* Assets.xcassets in Resources */,
				CE8CEAFE1E646B2D00E3B034 /* MainMenu.xib in Resources */,
			);
			runOnlyForDeploymentPostprocessing = 0;
		};
/* End PBXResourcesBuildPhase section */

/* Begin PBXSourcesBuildPhase section */
		CE8CEAF11E646B2C00E3B034 /* Sources */ = {
			isa = PBXSourcesBuildPhase;
			buildActionMask = 2147483647;
			files = (
				CE6CFE9A1E7721440024C8EE /* CaplockMonitor.swift in Sources */,
				CE6CFE981E771C9B0024C8EE /* KeyToKey.swift in Sources */,
				CE6CFE9C1E7721750024C8EE /* Keyboard.swift in Sources */,
				CE6CFE941E771C5C0024C8EE /* KeyEvent.swift in Sources */,
				CEA25A931E68A227008FB6A6 /* KeyCode.swift in Sources */,
				CE6CFE921E771C0D0024C8EE /* Modal.swift in Sources */,
				CE8CEAF91E646B2C00E3B034 /* AppDelegate.swift in Sources */,
				CE6CFE961E771C840024C8EE /* KeyOverlaidModifier.swift in Sources */,
			);
			runOnlyForDeploymentPostprocessing = 0;
		};
/* End PBXSourcesBuildPhase section */

/* Begin PBXVariantGroup section */
		CE8CEAFC1E646B2D00E3B034 /* MainMenu.xib */ = {
			isa = PBXVariantGroup;
			children = (
				CE8CEAFD1E646B2D00E3B034 /* Base */,
			);
			name = MainMenu.xib;
			sourceTree = "<group>";
		};
/* End PBXVariantGroup section */

/* Begin XCBuildConfiguration section */
		CE8CEB001E646B2D00E3B034 /* Debug */ = {
			isa = XCBuildConfiguration;
			buildSettings = {
				ALWAYS_SEARCH_USER_PATHS = NO;
				CLANG_ANALYZER_NONNULL = YES;
				CLANG_CXX_LANGUAGE_STANDARD = "gnu++0x";
				CLANG_CXX_LIBRARY = "libc++";
				CLANG_ENABLE_MODULES = YES;
				CLANG_ENABLE_OBJC_ARC = YES;
				CLANG_WARN_BOOL_CONVERSION = YES;
				CLANG_WARN_CONSTANT_CONVERSION = YES;
				CLANG_WARN_DIRECT_OBJC_ISA_USAGE = YES_ERROR;
				CLANG_WARN_DOCUMENTATION_COMMENTS = YES;
				CLANG_WARN_EMPTY_BODY = YES;
				CLANG_WARN_ENUM_CONVERSION = YES;
				CLANG_WARN_INFINITE_RECURSION = YES;
				CLANG_WARN_INT_CONVERSION = YES;
				CLANG_WARN_OBJC_ROOT_CLASS = YES_ERROR;
				CLANG_WARN_SUSPICIOUS_MOVES = YES;
				CLANG_WARN_UNREACHABLE_CODE = YES;
				CLANG_WARN__DUPLICATE_METHOD_MATCH = YES;
				CODE_SIGN_IDENTITY = "-";
				COPY_PHASE_STRIP = NO;
				DEBUG_INFORMATION_FORMAT = dwarf;
				ENABLE_STRICT_OBJC_MSGSEND = YES;
				ENABLE_TESTABILITY = YES;
				GCC_C_LANGUAGE_STANDARD = gnu99;
				GCC_DYNAMIC_NO_PIC = NO;
				GCC_NO_COMMON_BLOCKS = YES;
				GCC_OPTIMIZATION_LEVEL = 0;
				GCC_PREPROCESSOR_DEFINITIONS = (
					"DEBUG=1",
					"$(inherited)",
				);
				GCC_WARN_64_TO_32_BIT_CONVERSION = YES;
				GCC_WARN_ABOUT_RETURN_TYPE = YES_ERROR;
				GCC_WARN_UNDECLARED_SELECTOR = YES;
				GCC_WARN_UNINITIALIZED_AUTOS = YES_AGGRESSIVE;
				GCC_WARN_UNUSED_FUNCTION = YES;
				GCC_WARN_UNUSED_VARIABLE = YES;
				MACOSX_DEPLOYMENT_TARGET = 10.11;
				MTL_ENABLE_DEBUG_INFO = YES;
				ONLY_ACTIVE_ARCH = YES;
				SDKROOT = macosx;
				SWIFT_ACTIVE_COMPILATION_CONDITIONS = DEBUG;
				SWIFT_OPTIMIZATION_LEVEL = "-Onone";
			};
			name = Debug;
		};
		CE8CEB011E646B2D00E3B034 /* Release */ = {
			isa = XCBuildConfiguration;
			buildSettings = {
				ALWAYS_SEARCH_USER_PATHS = NO;
				CLANG_ANALYZER_NONNULL = YES;
				CLANG_CXX_LANGUAGE_STANDARD = "gnu++0x";
				CLANG_CXX_LIBRARY = "libc++";
				CLANG_ENABLE_MODULES = YES;
				CLANG_ENABLE_OBJC_ARC = YES;
				CLANG_WARN_BOOL_CONVERSION = YES;
				CLANG_WARN_CONSTANT_CONVERSION = YES;
				CLANG_WARN_DIRECT_OBJC_ISA_USAGE = YES_ERROR;
				CLANG_WARN_DOCUMENTATION_COMMENTS = YES;
				CLANG_WARN_EMPTY_BODY = YES;
				CLANG_WARN_ENUM_CONVERSION = YES;
				CLANG_WARN_INFINITE_RECURSION = YES;
				CLANG_WARN_INT_CONVERSION = YES;
				CLANG_WARN_OBJC_ROOT_CLASS = YES_ERROR;
				CLANG_WARN_SUSPICIOUS_MOVES = YES;
				CLANG_WARN_UNREACHABLE_CODE = YES;
				CLANG_WARN__DUPLICATE_METHOD_MATCH = YES;
				CODE_SIGN_IDENTITY = "-";
				COPY_PHASE_STRIP = NO;
				DEBUG_INFORMATION_FORMAT = "dwarf-with-dsym";
				ENABLE_NS_ASSERTIONS = NO;
				ENABLE_STRICT_OBJC_MSGSEND = YES;
				GCC_C_LANGUAGE_STANDARD = gnu99;
				GCC_NO_COMMON_BLOCKS = YES;
				GCC_WARN_64_TO_32_BIT_CONVERSION = YES;
				GCC_WARN_ABOUT_RETURN_TYPE = YES_ERROR;
				GCC_WARN_UNDECLARED_SELECTOR = YES;
				GCC_WARN_UNINITIALIZED_AUTOS = YES_AGGRESSIVE;
				GCC_WARN_UNUSED_FUNCTION = YES;
				GCC_WARN_UNUSED_VARIABLE = YES;
				MACOSX_DEPLOYMENT_TARGET = 10.11;
				MTL_ENABLE_DEBUG_INFO = NO;
				SDKROOT = macosx;
				SWIFT_OPTIMIZATION_LEVEL = "-Owholemodule";
			};
			name = Release;
		};
		CE8CEB031E646B2D00E3B034 /* Debug */ = {
			isa = XCBuildConfiguration;
			buildSettings = {
				ASSETCATALOG_COMPILER_APPICON_NAME = AppIcon;
				COMBINE_HIDPI_IMAGES = YES;
				INFOPLIST_FILE = octopus/Info.plist;
				LD_RUNPATH_SEARCH_PATHS = "$(inherited) @executable_path/../Frameworks";
				PRODUCT_BUNDLE_IDENTIFIER = com.betafabric.octopus;
				PRODUCT_NAME = "$(TARGET_NAME)";
				SWIFT_VERSION = 3.0;
			};
			name = Debug;
		};
		CE8CEB041E646B2D00E3B034 /* Release */ = {
			isa = XCBuildConfiguration;
			buildSettings = {
				ASSETCATALOG_COMPILER_APPICON_NAME = AppIcon;
				COMBINE_HIDPI_IMAGES = YES;
				INFOPLIST_FILE = octopus/Info.plist;
				LD_RUNPATH_SEARCH_PATHS = "$(inherited) @executable_path/../Frameworks";
				PRODUCT_BUNDLE_IDENTIFIER = com.betafabric.octopus;
				PRODUCT_NAME = "$(TARGET_NAME)";
				SWIFT_VERSION = 3.0;
			};
			name = Release;
		};
/* End XCBuildConfiguration section */

/* Begin XCConfigurationList section */
		CE8CEAF01E646B2C00E3B034 /* Build configuration list for PBXProject "octopus" */ = {
			isa = XCConfigurationList;
			buildConfigurations = (
				CE8CEB001E646B2D00E3B034 /* Debug */,
				CE8CEB011E646B2D00E3B034 /* Release */,
			);
			defaultConfigurationIsVisible = 0;
			defaultConfigurationName = Release;
		};
		CE8CEB021E646B2D00E3B034 /* Build configuration list for PBXNativeTarget "octopus" */ = {
			isa = XCConfigurationList;
			buildConfigurations = (
				CE8CEB031E646B2D00E3B034 /* Debug */,
				CE8CEB041E646B2D00E3B034 /* Release */,
			);
			defaultConfigurationIsVisible = 0;
			defaultConfigurationName = Release;
		};
/* End XCConfigurationList section */
	};
	rootObject = CE8CEAED1E646B2C00E3B034 /* Project object */;
}
